
Microsoft Visual Studio Solution File, Format Version 12.00
# Visual Studio 14
VisualStudioVersion = 14.0.25420.1
MinimumVisualStudioVersion = 10.0.40219.1
Project("{FAE04EC0-301F-11D3-BF4B-00C04F79EFBC}") = "Similarity", "Similarity\Similarity.csproj", "{44C51EFD-AB41-476A-8CDE-58FBD1BAAAFB}"
EndProject
Project("{FAE04EC0-301F-11D3-BF4B-00C04F79EFBC}") = "SimilarityTests", "SimilarityMeasuresTests\SimilarityTests.csproj", "{31CA97E6-817C-4713-9BC1-5E897CF40AE2}"
EndProject
Global
	GlobalSection(SolutionConfigurationPlatforms) = preSolution
		Debug|Any CPU = Debug|Any CPU
		Release|Any CPU = Release|Any CPU
	EndGlobalSection
	GlobalSection(ProjectConfigurationPlatforms) = postSolution
		{44C51EFD-AB41-476A-8CDE-58FBD1BAAAFB}.Debug|Any CPU.ActiveCfg = Debug|Any CPU
		{44C51EFD-AB41-476A-8CDE-58FBD1BAAAFB}.Debug|Any CPU.Build.0 = Debug|Any CPU
		{44C51EFD-AB41-476A-8CDE-58FBD1BAAAFB}.Release|Any CPU.ActiveCfg = Release|Any CPU
		{44C51EFD-AB41-476A-8CDE-58FBD1BAAAFB}.Release|Any CPU.Build.0 = Release|Any CPU
		{31CA97E6-817C-4713-9BC1-5E897CF40AE2}.Debug|Any CPU.ActiveCfg = Debug|Any CPU
		{31CA97E6-817C-4713-9BC1-5E897CF40AE2}.Debug|Any CPU.Build.0 = Debug|Any CPU
		{31CA97E6-817C-4713-9BC1-5E897CF40AE2}.Release|Any CPU.ActiveCfg = Release|Any CPU
		{31CA97E6-817C-4713-9BC1-5E897CF40AE2}.Release|Any CPU.Build.0 = Release|Any CPU
	EndGlobalSection
	GlobalSection(SolutionProperties) = preSolution
		HideSolutionNode = FALSE
	EndGlobalSection
EndGlobal
